
Microsoft Visual Studio Solution File, Format Version 12.00
# Visual Studio Version 16
VisualStudioVersion = 16.0.31205.134
MinimumVisualStudioVersion = 10.0.40219.1
Project("{FAE04EC0-301F-11D3-BF4B-00C04F79EFBC}") = "Catalogo-Web-Tec", "Catalogo-Web-Tec\Catalogo-Web-Tec.csproj", "{B62393E2-D96E-4B7C-9D5F-B24A5DCEC4D0}"
EndProject
Global
	GlobalSection(SolutionConfigurationPlatforms) = preSolution
		Debug|Any CPU = Debug|Any CPU
		Release|Any CPU = Release|Any CPU
	EndGlobalSection
	GlobalSection(ProjectConfigurationPlatforms) = postSolution
		{B62393E2-D96E-4B7C-9D5F-B24A5DCEC4D0}.Debug|Any CPU.ActiveCfg = Debug|Any CPU
		{B62393E2-D96E-4B7C-9D5F-B24A5DCEC4D0}.Debug|Any CPU.Build.0 = Debug|Any CPU
		{B62393E2-D96E-4B7C-9D5F-B24A5DCEC4D0}.Release|Any CPU.ActiveCfg = Release|Any CPU
		{B62393E2-D96E-4B7C-9D5F-B24A5DCEC4D0}.Release|Any CPU.Build.0 = Release|Any CPU
	EndGlobalSection
	GlobalSection(SolutionProperties) = preSolution
		HideSolutionNode = FALSE
	EndGlobalSection
	GlobalSection(ExtensibilityGlobals) = postSolution
		SolutionGuid = {41B90ED6-A681-402D-8947-B2B26BDBD016}
	EndGlobalSection
EndGlobal
